{
  "name": "yaml-config",
  "version": "1.0.0",
  "lockfileVersion": 2,
  "requires": true,
  "packages": {
    "": {
      "name": "yaml-config",
      "version": "1.0.0",
      "license": "ISC",
      "dependencies": {
        "@calvin-coomer/fns": "^1.0.5",
        "yaml": "^2.2.1"
      }
    },
    "node_modules/@calvin-coomer/fns": {
      "version": "1.0.5",
      "resolved": "https://registry.npmjs.org/@calvin-coomer/fns/-/fns-1.0.5.tgz",
      "integrity": "sha512-GZUxOcdHz0rTRsdUhR3zBOLwwy66jMX3b2YWyPPCvX4qhQG6AeBsW6Gug2f2yzCYKFN1UvIYj0N3QJdvPoTfFA==",
      "dependencies": {
        "date-fns": "^2.29.3"
      }
    },
    "node_modules/date-fns": {
      "version": "2.29.3",
      "resolved": "https://registry.npmjs.org/date-fns/-/date-fns-2.29.3.tgz",
      "integrity": "sha512-dDCnyH2WnnKusqvZZ6+jA1O51Ibt8ZMRNkDZdyAyK4YfbDwa/cEmuztzG5pk6hqlp9aSBPYcjOlktquahGwGeA==",
      "engines": {
        "node": ">=0.11"
      },
      "funding": {
        "type": "opencollective",
        "url": "https://opencollective.com/date-fns"
      }
    },
    "node_modules/yaml": {
      "version": "2.2.1",
      "resolved": "https://registry.npmjs.org/yaml/-/yaml-2.2.1.tgz",
      "integrity": "sha512-e0WHiYql7+9wr4cWMx3TVQrNwejKaEe7/rHNmQmqRjazfOP5W8PB6Jpebb5o6fIapbz9o9+2ipcaTM2ZwDI6lw==",
      "engines": {
        "node": ">= 14"
      }
    }
  },
  "dependencies": {
    "@calvin-coomer/fns": {
      "version": "1.0.5",
      "resolved": "https://registry.npmjs.org/@calvin-coomer/fns/-/fns-1.0.5.tgz",
      "integrity": "sha512-GZUxOcdHz0rTRsdUhR3zBOLwwy66jMX3b2YWyPPCvX4qhQG6AeBsW6Gug2f2yzCYKFN1UvIYj0N3QJdvPoTfFA==",
      "requires": {
        "date-fns": "^2.29.3"
      }
    },
    "date-fns": {
      "version": "2.29.3",
      "resolved": "https://registry.npmjs.org/date-fns/-/date-fns-2.29.3.tgz",
      "integrity": "sha512-dDCnyH2WnnKusqvZZ6+jA1O51Ibt8ZMRNkDZdyAyK4YfbDwa/cEmuztzG5pk6hqlp9aSBPYcjOlktquahGwGeA=="
    },
    "yaml": {
      "version": "2.2.1",
      "resolved": "https://registry.npmjs.org/yaml/-/yaml-2.2.1.tgz",
      "integrity": "sha512-e0WHiYql7+9wr4cWMx3TVQrNwejKaEe7/rHNmQmqRjazfOP5W8PB6Jpebb5o6fIapbz9o9+2ipcaTM2ZwDI6lw=="
    }
  }
}
